
Microsoft Visual Studio Solution File, Format Version 12.00
# Visual Studio Version 17
VisualStudioVersion = 17.1.32210.238
MinimumVisualStudioVersion = 10.0.40219.1
Project("{9A19103F-16F7-4668-BE54-9A1E7A4F7556}") = "MyTrout.Pipelines.Steps.Data.Tests", "MyTrout.Pipelines.Steps.Data.Tests.csproj", "{03BC3BEF-9DDD-4F2E-B898-C21719745BAD}"
EndProject
Global
	GlobalSection(SolutionConfigurationPlatforms) = preSolution
		Debug|Any CPU = Debug|Any CPU
		Release|Any CPU = Release|Any CPU
	EndGlobalSection
	GlobalSection(ProjectConfigurationPlatforms) = postSolution
		{03BC3BEF-9DDD-4F2E-B898-C21719745BAD}.Debug|Any CPU.ActiveCfg = Debug|Any CPU
		{03BC3BEF-9DDD-4F2E-B898-C21719745BAD}.Debug|Any CPU.Build.0 = Debug|Any CPU
		{03BC3BEF-9DDD-4F2E-B898-C21719745BAD}.Release|Any CPU.ActiveCfg = Release|Any CPU
		{03BC3BEF-9DDD-4F2E-B898-C21719745BAD}.Release|Any CPU.Build.0 = Release|Any CPU
	EndGlobalSection
	GlobalSection(SolutionProperties) = preSolution
		HideSolutionNode = FALSE
	EndGlobalSection
	GlobalSection(ExtensibilityGlobals) = postSolution
		SolutionGuid = {7AE11EA3-C6BE-4D90-BC34-235A29426DA7}
	EndGlobalSection
EndGlobal
