
Microsoft Visual Studio Solution File, Format Version 12.00
# Visual Studio Version 17
VisualStudioVersion = 17.0.31903.59
MinimumVisualStudioVersion = 10.0.40219.1
Project("{6EC3EE1D-3C4E-46DD-8F32-0CC8E7565705}") = "AltCover.Recorder", "AltCover.Recorder\AltCover.Recorder.fsproj", "{85B49E3C-F5B0-40F5-8DB5-1464BEC10E3A}"
EndProject
Project("{6EC3EE1D-3C4E-46DD-8F32-0CC8E7565705}") = "AltCover.Recorder.Tests", "AltCover.Recorder.Tests\AltCover.Recorder.Tests.fsproj", "{7F197884-A015-4D01-9543-AF0837A4BE33}"
EndProject
Project("{6EC3EE1D-3C4E-46DD-8F32-0CC8E7565705}") = "AltCover.Recorder2.Tests", "AltCover.Recorder2.Tests\AltCover.Recorder2.Tests.fsproj", "{25BF9131-91CD-41CA-87F7-041E40426B5C}"
	ProjectSection(ProjectDependencies) = postProject
		{85B49E3C-F5B0-40F5-8DB5-1464BEC10E3A} = {85B49E3C-F5B0-40F5-8DB5-1464BEC10E3A}
	EndProjectSection
EndProject
Project("{2150E333-8FDC-42A3-9474-1A3956D46DE8}") = "Build Items", "Build Items", "{97367D43-64EF-48E1-B6B4-D951C783E6E1}"
	ProjectSection(SolutionItems) = preProject
		Build\actions.fsx = Build\actions.fsx
		Build\AddStrongName.fsx = Build\AddStrongName.fsx
		Build\AltCover.nuspec = Build\AltCover.nuspec
		nupkg\build\netstandard2.0\AltCover.props = nupkg\build\netstandard2.0\AltCover.props
		nupkg\build\netstandard2.0\AltCover.targets = nupkg\build\netstandard2.0\AltCover.targets
		Build\Apply-Xslt.ps1 = Build\Apply-Xslt.ps1
		appveyor.yml = appveyor.yml
		Build\build.fsx = Build\build.fsx
		Build\common-rules.xml = Build\common-rules.xml
		.config\dotnet-tools.json = .config\dotnet-tools.json
		Build\get-token.fsx = Build\get-token.fsx
		global.json = global.json
		Build\Infrastructure.snk = Build\Infrastructure.snk
		Build\msbuildtest.proj = Build\msbuildtest.proj
		Build\pester.ps1 = Build\pester.ps1
		Build\Pester.Tests.ps1 = Build\Pester.Tests.ps1
		Build\powershell.ps1 = Build\powershell.ps1
		Build\Recorder.snk = Build\Recorder.snk
		ReleaseNotes.md = ReleaseNotes.md
		Build\SelfTest.snk = Build\SelfTest.snk
		Build\setup.fsx = Build\setup.fsx
		Build\targets.fsx = Build\targets.fsx
	EndProjectSection
EndProject
Global
	GlobalSection(SolutionConfigurationPlatforms) = preSolution
		Debug|Any CPU = Debug|Any CPU
		Release|Any CPU = Release|Any CPU
	EndGlobalSection
	GlobalSection(ProjectConfigurationPlatforms) = postSolution
		{85B49E3C-F5B0-40F5-8DB5-1464BEC10E3A}.Debug|Any CPU.ActiveCfg = Debug|Any CPU
		{85B49E3C-F5B0-40F5-8DB5-1464BEC10E3A}.Debug|Any CPU.Build.0 = Debug|Any CPU
		{85B49E3C-F5B0-40F5-8DB5-1464BEC10E3A}.Release|Any CPU.ActiveCfg = Release|Any CPU
		{85B49E3C-F5B0-40F5-8DB5-1464BEC10E3A}.Release|Any CPU.Build.0 = Release|Any CPU
		{7F197884-A015-4D01-9543-AF0837A4BE33}.Debug|Any CPU.ActiveCfg = Debug|Any CPU
		{7F197884-A015-4D01-9543-AF0837A4BE33}.Debug|Any CPU.Build.0 = Debug|Any CPU
		{7F197884-A015-4D01-9543-AF0837A4BE33}.Release|Any CPU.ActiveCfg = Release|Any CPU
		{25BF9131-91CD-41CA-87F7-041E40426B5C}.Debug|Any CPU.ActiveCfg = Debug|Any CPU
		{25BF9131-91CD-41CA-87F7-041E40426B5C}.Debug|Any CPU.Build.0 = Debug|Any CPU
		{25BF9131-91CD-41CA-87F7-041E40426B5C}.Release|Any CPU.ActiveCfg = Release|Any CPU
	EndGlobalSection
	GlobalSection(SolutionProperties) = preSolution
		HideSolutionNode = FALSE
	EndGlobalSection
	GlobalSection(ExtensibilityGlobals) = postSolution
		SolutionGuid = {FF99FAEB-C9E7-4E43-AEDF-6DD866C6722C}
	EndGlobalSection
EndGlobal
