
Microsoft Visual Studio Solution File, Format Version 12.00
# Visual Studio Version 16
VisualStudioVersion = 16.0.29215.179
MinimumVisualStudioVersion = 10.0.40219.1
Project("{F2A71F9B-5D33-465A-A702-920D77279786}") = "AltCover.Recorder", "AltCover.Recorder\AltCover.Recorder.fsproj", "{02192B55-3A50-4AD2-B519-560F30C14DD4}"
EndProject
Project("{F2A71F9B-5D33-465A-A702-920D77279786}") = "AltCover", "AltCover\AltCover.fsproj", "{B766260F-6551-4CA8-B2CB-25D2D5092801}"
EndProject
Project("{F2A71F9B-5D33-465A-A702-920D77279786}") = "AltCover.Tests", "Tests\AltCover.Tests.fsproj", "{2537AF87-4436-4A1F-8EB4-D8D0DA2AF444}"
	ProjectSection(ProjectDependencies) = postProject
		{02192B55-3A50-4AD2-B519-560F30C14DD4} = {02192B55-3A50-4AD2-B519-560F30C14DD4}
		{CF6C4E7A-63C1-489D-AB14-054E09DE1B29} = {CF6C4E7A-63C1-489D-AB14-054E09DE1B29}
		{FBAA818A-A049-4149-9032-31C8D244AEA6} = {FBAA818A-A049-4149-9032-31C8D244AEA6}
		{25F279C3-2032-4AE1-ACEB-EABE5EFC739B} = {25F279C3-2032-4AE1-ACEB-EABE5EFC739B}
		{D6ED39D2-EA21-4141-96D7-2B5F234FCD3E} = {D6ED39D2-EA21-4141-96D7-2B5F234FCD3E}
		{607161F1-86BE-471A-9837-3D19BFAAA5FA} = {607161F1-86BE-471A-9837-3D19BFAAA5FA}
		{44ABC8FE-4277-47FA-BB76-61A105392182} = {44ABC8FE-4277-47FA-BB76-61A105392182}
	EndProjectSection
EndProject
Project("{2150E333-8FDC-42A3-9474-1A3956D46DE8}") = "Samples", "Samples", "{1441B3F4-72F8-4BB5-B9DF-29767F6719F1}"
EndProject
Project("{FAE04EC0-301F-11D3-BF4B-00C04F79EFBC}") = "Sample1", "Sample1\Sample1.csproj", "{25F279C3-2032-4AE1-ACEB-EABE5EFC739B}"
EndProject
Project("{F2A71F9B-5D33-465A-A702-920D77279786}") = "AltCover.Shadow", "AltCover.Recorder\AltCover.Shadow.fsproj", "{62480BE3-4479-4A47-A23F-50858ECD74B3}"
EndProject
Project("{2150E333-8FDC-42A3-9474-1A3956D46DE8}") = "Build Items", "Build Items", "{B9D49110-CE75-418C-BF97-1F94D741EA19}"
	ProjectSection(SolutionItems) = preProject
		.travis.yml = .travis.yml
		Build\actions.fsx = Build\actions.fsx
		Build\AddStrongName.fsx = Build\AddStrongName.fsx
		Build\AltCover.nuspec = Build\AltCover.nuspec
		nupkg\build\netstandard2.0\AltCover.props = nupkg\build\netstandard2.0\AltCover.props
		nupkg\build\netstandard2.0\AltCover.targets = nupkg\build\netstandard2.0\AltCover.targets
		Build\Apply-Xslt.ps1 = Build\Apply-Xslt.ps1
		appveyor.yml = appveyor.yml
		Build\build.fsx = Build\build.fsx
		Build\FxCop.fs = Build\FxCop.fs
		Build\Gendarme.fs = Build\Gendarme.fs
		Build\get-token.fsx = Build\get-token.fsx
		Build\ILMerge.fs = Build\ILMerge.fs
		Build\Infrastructure.snk = Build\Infrastructure.snk
		Build\msbuildtest.proj = Build\msbuildtest.proj
		Build\pester.ps1 = Build\pester.ps1
		Build\Pester.Tests.ps1 = Build\Pester.Tests.ps1
		Build\powershell.ps1 = Build\powershell.ps1
		Build\Recorder.snk = Build\Recorder.snk
		ReleaseNotes.md = ReleaseNotes.md
		Build\rules-fake.xml = Build\rules-fake.xml
		Build\rules-gtk.xml = Build\rules-gtk.xml
		Build\rules-mono.xml = Build\rules-mono.xml
		Build\rules-posh.xml = Build\rules-posh.xml
		Build\rules.xml = Build\rules.xml
		Build\SelfTest.snk = Build\SelfTest.snk
		Build\setup.fsx = Build\setup.fsx
		Build\targets.fsx = Build\targets.fsx
	EndProjectSection
EndProject
Project("{F2A71F9B-5D33-465A-A702-920D77279786}") = "Sample2", "Sample2\Sample2.fsproj", "{0A513AA9-84D8-46E1-BAB7-08C73ACE5FCA}"
EndProject
Project("{FAE04EC0-301F-11D3-BF4B-00C04F79EFBC}") = "Sample3", "Sample3\Sample3.csproj", "{A27E8B50-4862-4E8A-8248-ED34C2503D2B}"
EndProject
Project("{F2A71F9B-5D33-465A-A702-920D77279786}") = "MCS", "MCS\MCS.fsproj", "{FBAA818A-A049-4149-9032-31C8D244AEA6}"
EndProject
Project("{F2A71F9B-5D33-465A-A702-920D77279786}") = "Recorder.Tests", "Recorder.Tests\Recorder.Tests.fsproj", "{CF6C4E7A-63C1-489D-AB14-054E09DE1B29}"
EndProject
Project("{F2A71F9B-5D33-465A-A702-920D77279786}") = "Recorder.Tests2", "Recorder.Tests2\Recorder.Tests2.fsproj", "{D6ED39D2-EA21-4141-96D7-2B5F234FCD3E}"
EndProject
Project("{F2A71F9B-5D33-465A-A702-920D77279786}") = "WeakNameTests", "WeakNameTests\WeakNameTests.fsproj", "{57B8EF6F-1EE4-473B-B5B8-7C2D8213637A}"
EndProject
Project("{FAE04EC0-301F-11D3-BF4B-00C04F79EFBC}") = "Sample5", "Sample5\Sample5.csproj", "{D1F77A3C-6B04-41B7-9507-FC1A7263CD3D}"
EndProject
Project("{F2A71F9B-5D33-465A-A702-920D77279786}") = "Sample6", "Sample6\Sample6.fsproj", "{4FA35926-FB21-4F1B-BB55-465D472EE027}"
EndProject
Project("{F2A71F9B-5D33-465A-A702-920D77279786}") = "XTests", "XTests\XTests.fsproj", "{8F7EC6D1-6454-4EEC-9F6F-10D2B348BE61}"
EndProject
Project("{F2A71F9B-5D33-465A-A702-920D77279786}") = "Sample4", "Sample4\Sample4.fsproj", "{607161F1-86BE-471A-9837-3D19BFAAA5FA}"
EndProject
Project("{FAE04EC0-301F-11D3-BF4B-00C04F79EFBC}") = "Sample8", "Sample8\Sample8.csproj", "{44ABC8FE-4277-47FA-BB76-61A105392182}"
EndProject
Project("{F2A71F9B-5D33-465A-A702-920D77279786}") = "AltCover.PowerShell", "AltCover.PowerShell\AltCover.PowerShell.fsproj", "{EA9AF722-DD21-4D33-ACBA-D970BB818398}"
EndProject
Project("{F2A71F9B-5D33-465A-A702-920D77279786}") = "AltCover.Visualizer", "AltCover.Visualizer\AltCover.Visualizer.fsproj", "{D5BB91D8-E3EF-4F10-BBDB-752C5EBD689E}"
EndProject
Project("{F2A71F9B-5D33-465A-A702-920D77279786}") = "Tests.Visualizer", "Tests.Visualizer\Tests.Visualizer.fsproj", "{9AC35F60-3425-4284-BD2F-EFE7FBBA10EC}"
EndProject
Project("{FAE04EC0-301F-11D3-BF4B-00C04F79EFBC}") = "AltCover.CSApi", "AltCover.CSApi\AltCover.CSApi.csproj", "{176C53E7-85B4-40A8-AE46-95894D08535C}"
EndProject
Project("{FAE04EC0-301F-11D3-BF4B-00C04F79EFBC}") = "AltCover.Cake", "AltCover.Cake\AltCover.Cake.csproj", "{04CF1D47-825F-44F3-80C4-7F0885EB7139}"
EndProject
Project("{F2A71F9B-5D33-465A-A702-920D77279786}") = "AltCover.FSApi", "AltCover.FSApi\AltCover.FSApi.fsproj", "{0DC0F7BB-C08F-45E1-A86C-62746372DC4B}"
EndProject
Project("{F2A71F9B-5D33-465A-A702-920D77279786}") = "AltCover.Fake", "AltCover.Fake\AltCover.Fake.fsproj", "{1DD4B3C5-19C2-469B-87A3-87E60F20775C}"
EndProject
Project("{F2A71F9B-5D33-465A-A702-920D77279786}") = "AltCover.Fake.DotNet.Testing.AltCover", "AltCover.Fake.DotNet.Testing.AltCover\AltCover.Fake.DotNet.Testing.AltCover.fsproj", "{17662DB6-7BB1-4ECE-BF37-D6D439762CFD}"
EndProject
Project("{FAE04EC0-301F-11D3-BF4B-00C04F79EFBC}") = "Sample11", "Sample11\Sample11.csproj", "{CEF40B51-1128-4ED5-9BB8-70E48CA7573B}"
EndProject
Project("{FAE04EC0-301F-11D3-BF4B-00C04F79EFBC}") = "Sample12", "Sample12\Sample12.csproj", "{120C83AB-BA54-4C36-9641-1D30DEFE9116}"
EndProject
Project("{FAE04EC0-301F-11D3-BF4B-00C04F79EFBC}") = "Sample16", "Sample16\Sample16.csproj", "{2DB4978C-9685-4E64-B7AE-9E7B860C7F5C}"
EndProject
Project("{F2A71F9B-5D33-465A-A702-920D77279786}") = "Sample17", "Sample17\Sample17.fsproj", "{88A4D1E6-147D-4F1F-8C36-2143F16A8340}"
EndProject
Global
	GlobalSection(SolutionConfigurationPlatforms) = preSolution
		Debug|Any CPU = Debug|Any CPU
		Debug|x86 = Debug|x86
		Release|Any CPU = Release|Any CPU
		Release|x86 = Release|x86
	EndGlobalSection
	GlobalSection(ProjectConfigurationPlatforms) = postSolution
		{02192B55-3A50-4AD2-B519-560F30C14DD4}.Debug|Any CPU.ActiveCfg = Debug|Any CPU
		{02192B55-3A50-4AD2-B519-560F30C14DD4}.Debug|Any CPU.Build.0 = Debug|Any CPU
		{02192B55-3A50-4AD2-B519-560F30C14DD4}.Debug|x86.ActiveCfg = Debug|Any CPU
		{02192B55-3A50-4AD2-B519-560F30C14DD4}.Debug|x86.Build.0 = Debug|Any CPU
		{02192B55-3A50-4AD2-B519-560F30C14DD4}.Release|Any CPU.ActiveCfg = Release|Any CPU
		{02192B55-3A50-4AD2-B519-560F30C14DD4}.Release|Any CPU.Build.0 = Release|Any CPU
		{02192B55-3A50-4AD2-B519-560F30C14DD4}.Release|x86.ActiveCfg = Release|Any CPU
		{02192B55-3A50-4AD2-B519-560F30C14DD4}.Release|x86.Build.0 = Release|Any CPU
		{B766260F-6551-4CA8-B2CB-25D2D5092801}.Debug|Any CPU.ActiveCfg = Debug|Any CPU
		{B766260F-6551-4CA8-B2CB-25D2D5092801}.Debug|Any CPU.Build.0 = Debug|Any CPU
		{B766260F-6551-4CA8-B2CB-25D2D5092801}.Debug|x86.ActiveCfg = Debug|Any CPU
		{B766260F-6551-4CA8-B2CB-25D2D5092801}.Debug|x86.Build.0 = Debug|Any CPU
		{B766260F-6551-4CA8-B2CB-25D2D5092801}.Release|Any CPU.ActiveCfg = Release|Any CPU
		{B766260F-6551-4CA8-B2CB-25D2D5092801}.Release|Any CPU.Build.0 = Release|Any CPU
		{B766260F-6551-4CA8-B2CB-25D2D5092801}.Release|x86.ActiveCfg = Release|Any CPU
		{B766260F-6551-4CA8-B2CB-25D2D5092801}.Release|x86.Build.0 = Release|Any CPU
		{2537AF87-4436-4A1F-8EB4-D8D0DA2AF444}.Debug|Any CPU.ActiveCfg = Debug|Any CPU
		{2537AF87-4436-4A1F-8EB4-D8D0DA2AF444}.Debug|Any CPU.Build.0 = Debug|Any CPU
		{2537AF87-4436-4A1F-8EB4-D8D0DA2AF444}.Debug|x86.ActiveCfg = Debug|Any CPU
		{2537AF87-4436-4A1F-8EB4-D8D0DA2AF444}.Debug|x86.Build.0 = Debug|Any CPU
		{2537AF87-4436-4A1F-8EB4-D8D0DA2AF444}.Release|Any CPU.ActiveCfg = Release|Any CPU
		{2537AF87-4436-4A1F-8EB4-D8D0DA2AF444}.Release|x86.ActiveCfg = Release|Any CPU
		{2537AF87-4436-4A1F-8EB4-D8D0DA2AF444}.Release|x86.Build.0 = Release|Any CPU
		{25F279C3-2032-4AE1-ACEB-EABE5EFC739B}.Debug|Any CPU.ActiveCfg = Debug|Any CPU
		{25F279C3-2032-4AE1-ACEB-EABE5EFC739B}.Debug|Any CPU.Build.0 = Debug|Any CPU
		{25F279C3-2032-4AE1-ACEB-EABE5EFC739B}.Debug|x86.ActiveCfg = Debug|Any CPU
		{25F279C3-2032-4AE1-ACEB-EABE5EFC739B}.Debug|x86.Build.0 = Debug|Any CPU
		{25F279C3-2032-4AE1-ACEB-EABE5EFC739B}.Release|Any CPU.ActiveCfg = Debug|Any CPU
		{25F279C3-2032-4AE1-ACEB-EABE5EFC739B}.Release|Any CPU.Build.0 = Debug|Any CPU
		{25F279C3-2032-4AE1-ACEB-EABE5EFC739B}.Release|x86.ActiveCfg = Release|Any CPU
		{25F279C3-2032-4AE1-ACEB-EABE5EFC739B}.Release|x86.Build.0 = Release|Any CPU
		{62480BE3-4479-4A47-A23F-50858ECD74B3}.Debug|Any CPU.ActiveCfg = Debug|Any CPU
		{62480BE3-4479-4A47-A23F-50858ECD74B3}.Debug|Any CPU.Build.0 = Debug|Any CPU
		{62480BE3-4479-4A47-A23F-50858ECD74B3}.Debug|x86.ActiveCfg = Debug|Any CPU
		{62480BE3-4479-4A47-A23F-50858ECD74B3}.Debug|x86.Build.0 = Debug|Any CPU
		{62480BE3-4479-4A47-A23F-50858ECD74B3}.Release|Any CPU.ActiveCfg = Release|Any CPU
		{62480BE3-4479-4A47-A23F-50858ECD74B3}.Release|x86.ActiveCfg = Release|Any CPU
		{62480BE3-4479-4A47-A23F-50858ECD74B3}.Release|x86.Build.0 = Release|Any CPU
		{0A513AA9-84D8-46E1-BAB7-08C73ACE5FCA}.Debug|Any CPU.ActiveCfg = Debug|Any CPU
		{0A513AA9-84D8-46E1-BAB7-08C73ACE5FCA}.Debug|Any CPU.Build.0 = Debug|Any CPU
		{0A513AA9-84D8-46E1-BAB7-08C73ACE5FCA}.Debug|x86.ActiveCfg = Debug|Any CPU
		{0A513AA9-84D8-46E1-BAB7-08C73ACE5FCA}.Debug|x86.Build.0 = Debug|Any CPU
		{0A513AA9-84D8-46E1-BAB7-08C73ACE5FCA}.Release|Any CPU.ActiveCfg = Release|Any CPU
		{0A513AA9-84D8-46E1-BAB7-08C73ACE5FCA}.Release|x86.ActiveCfg = Release|Any CPU
		{0A513AA9-84D8-46E1-BAB7-08C73ACE5FCA}.Release|x86.Build.0 = Release|Any CPU
		{A27E8B50-4862-4E8A-8248-ED34C2503D2B}.Debug|Any CPU.ActiveCfg = Debug|Any CPU
		{A27E8B50-4862-4E8A-8248-ED34C2503D2B}.Debug|Any CPU.Build.0 = Debug|Any CPU
		{A27E8B50-4862-4E8A-8248-ED34C2503D2B}.Debug|x86.ActiveCfg = Debug|Any CPU
		{A27E8B50-4862-4E8A-8248-ED34C2503D2B}.Debug|x86.Build.0 = Debug|Any CPU
		{A27E8B50-4862-4E8A-8248-ED34C2503D2B}.Release|Any CPU.ActiveCfg = Release|Any CPU
		{A27E8B50-4862-4E8A-8248-ED34C2503D2B}.Release|x86.ActiveCfg = Release|Any CPU
		{A27E8B50-4862-4E8A-8248-ED34C2503D2B}.Release|x86.Build.0 = Release|Any CPU
		{FBAA818A-A049-4149-9032-31C8D244AEA6}.Debug|Any CPU.ActiveCfg = Debug|Any CPU
		{FBAA818A-A049-4149-9032-31C8D244AEA6}.Debug|Any CPU.Build.0 = Debug|Any CPU
		{FBAA818A-A049-4149-9032-31C8D244AEA6}.Debug|x86.ActiveCfg = Debug|Any CPU
		{FBAA818A-A049-4149-9032-31C8D244AEA6}.Debug|x86.Build.0 = Debug|Any CPU
		{FBAA818A-A049-4149-9032-31C8D244AEA6}.Release|Any CPU.ActiveCfg = Release|Any CPU
		{FBAA818A-A049-4149-9032-31C8D244AEA6}.Release|Any CPU.Build.0 = Release|Any CPU
		{FBAA818A-A049-4149-9032-31C8D244AEA6}.Release|x86.ActiveCfg = Release|Any CPU
		{FBAA818A-A049-4149-9032-31C8D244AEA6}.Release|x86.Build.0 = Release|Any CPU
		{CF6C4E7A-63C1-489D-AB14-054E09DE1B29}.Debug|Any CPU.ActiveCfg = Debug|Any CPU
		{CF6C4E7A-63C1-489D-AB14-054E09DE1B29}.Debug|Any CPU.Build.0 = Debug|Any CPU
		{CF6C4E7A-63C1-489D-AB14-054E09DE1B29}.Debug|x86.ActiveCfg = Debug|Any CPU
		{CF6C4E7A-63C1-489D-AB14-054E09DE1B29}.Debug|x86.Build.0 = Debug|Any CPU
		{CF6C4E7A-63C1-489D-AB14-054E09DE1B29}.Release|Any CPU.ActiveCfg = Release|Any CPU
		{CF6C4E7A-63C1-489D-AB14-054E09DE1B29}.Release|x86.ActiveCfg = Release|Any CPU
		{CF6C4E7A-63C1-489D-AB14-054E09DE1B29}.Release|x86.Build.0 = Release|Any CPU
		{D6ED39D2-EA21-4141-96D7-2B5F234FCD3E}.Debug|Any CPU.ActiveCfg = Debug|Any CPU
		{D6ED39D2-EA21-4141-96D7-2B5F234FCD3E}.Debug|Any CPU.Build.0 = Debug|Any CPU
		{D6ED39D2-EA21-4141-96D7-2B5F234FCD3E}.Debug|x86.ActiveCfg = Debug|Any CPU
		{D6ED39D2-EA21-4141-96D7-2B5F234FCD3E}.Debug|x86.Build.0 = Debug|Any CPU
		{D6ED39D2-EA21-4141-96D7-2B5F234FCD3E}.Release|Any CPU.ActiveCfg = Release|Any CPU
		{D6ED39D2-EA21-4141-96D7-2B5F234FCD3E}.Release|x86.ActiveCfg = Release|Any CPU
		{D6ED39D2-EA21-4141-96D7-2B5F234FCD3E}.Release|x86.Build.0 = Release|Any CPU
		{57B8EF6F-1EE4-473B-B5B8-7C2D8213637A}.Debug|Any CPU.ActiveCfg = Debug|Any CPU
		{57B8EF6F-1EE4-473B-B5B8-7C2D8213637A}.Debug|Any CPU.Build.0 = Debug|Any CPU
		{57B8EF6F-1EE4-473B-B5B8-7C2D8213637A}.Debug|x86.ActiveCfg = Debug|Any CPU
		{57B8EF6F-1EE4-473B-B5B8-7C2D8213637A}.Debug|x86.Build.0 = Debug|Any CPU
		{57B8EF6F-1EE4-473B-B5B8-7C2D8213637A}.Release|Any CPU.ActiveCfg = Release|Any CPU
		{57B8EF6F-1EE4-473B-B5B8-7C2D8213637A}.Release|x86.ActiveCfg = Release|Any CPU
		{57B8EF6F-1EE4-473B-B5B8-7C2D8213637A}.Release|x86.Build.0 = Release|Any CPU
		{D1F77A3C-6B04-41B7-9507-FC1A7263CD3D}.Debug|Any CPU.ActiveCfg = Debug|Any CPU
		{D1F77A3C-6B04-41B7-9507-FC1A7263CD3D}.Debug|Any CPU.Build.0 = Debug|Any CPU
		{D1F77A3C-6B04-41B7-9507-FC1A7263CD3D}.Debug|x86.ActiveCfg = Debug|Any CPU
		{D1F77A3C-6B04-41B7-9507-FC1A7263CD3D}.Debug|x86.Build.0 = Debug|Any CPU
		{D1F77A3C-6B04-41B7-9507-FC1A7263CD3D}.Release|Any CPU.ActiveCfg = Release|Any CPU
		{D1F77A3C-6B04-41B7-9507-FC1A7263CD3D}.Release|x86.ActiveCfg = Release|Any CPU
		{D1F77A3C-6B04-41B7-9507-FC1A7263CD3D}.Release|x86.Build.0 = Release|Any CPU
		{4FA35926-FB21-4F1B-BB55-465D472EE027}.Debug|Any CPU.ActiveCfg = Debug|Any CPU
		{4FA35926-FB21-4F1B-BB55-465D472EE027}.Debug|Any CPU.Build.0 = Debug|Any CPU
		{4FA35926-FB21-4F1B-BB55-465D472EE027}.Debug|x86.ActiveCfg = Debug|Any CPU
		{4FA35926-FB21-4F1B-BB55-465D472EE027}.Debug|x86.Build.0 = Debug|Any CPU
		{4FA35926-FB21-4F1B-BB55-465D472EE027}.Release|Any CPU.ActiveCfg = Release|Any CPU
		{4FA35926-FB21-4F1B-BB55-465D472EE027}.Release|x86.ActiveCfg = Release|Any CPU
		{4FA35926-FB21-4F1B-BB55-465D472EE027}.Release|x86.Build.0 = Release|Any CPU
		{8F7EC6D1-6454-4EEC-9F6F-10D2B348BE61}.Debug|Any CPU.ActiveCfg = Debug|Any CPU
		{8F7EC6D1-6454-4EEC-9F6F-10D2B348BE61}.Debug|Any CPU.Build.0 = Debug|Any CPU
		{8F7EC6D1-6454-4EEC-9F6F-10D2B348BE61}.Debug|x86.ActiveCfg = Debug|Any CPU
		{8F7EC6D1-6454-4EEC-9F6F-10D2B348BE61}.Debug|x86.Build.0 = Debug|Any CPU
		{8F7EC6D1-6454-4EEC-9F6F-10D2B348BE61}.Release|Any CPU.ActiveCfg = Release|Any CPU
		{8F7EC6D1-6454-4EEC-9F6F-10D2B348BE61}.Release|x86.ActiveCfg = Release|Any CPU
		{8F7EC6D1-6454-4EEC-9F6F-10D2B348BE61}.Release|x86.Build.0 = Release|Any CPU
		{607161F1-86BE-471A-9837-3D19BFAAA5FA}.Debug|Any CPU.ActiveCfg = Debug|Any CPU
		{607161F1-86BE-471A-9837-3D19BFAAA5FA}.Debug|Any CPU.Build.0 = Debug|Any CPU
		{607161F1-86BE-471A-9837-3D19BFAAA5FA}.Debug|x86.ActiveCfg = Debug|Any CPU
		{607161F1-86BE-471A-9837-3D19BFAAA5FA}.Debug|x86.Build.0 = Debug|Any CPU
		{607161F1-86BE-471A-9837-3D19BFAAA5FA}.Release|Any CPU.ActiveCfg = Release|Any CPU
		{607161F1-86BE-471A-9837-3D19BFAAA5FA}.Release|x86.ActiveCfg = Release|Any CPU
		{607161F1-86BE-471A-9837-3D19BFAAA5FA}.Release|x86.Build.0 = Release|Any CPU
		{44ABC8FE-4277-47FA-BB76-61A105392182}.Debug|Any CPU.ActiveCfg = Debug|Any CPU
		{44ABC8FE-4277-47FA-BB76-61A105392182}.Debug|Any CPU.Build.0 = Debug|Any CPU
		{44ABC8FE-4277-47FA-BB76-61A105392182}.Debug|x86.ActiveCfg = Debug|Any CPU
		{44ABC8FE-4277-47FA-BB76-61A105392182}.Debug|x86.Build.0 = Debug|Any CPU
		{44ABC8FE-4277-47FA-BB76-61A105392182}.Release|Any CPU.ActiveCfg = Release|Any CPU
		{44ABC8FE-4277-47FA-BB76-61A105392182}.Release|x86.ActiveCfg = Release|Any CPU
		{44ABC8FE-4277-47FA-BB76-61A105392182}.Release|x86.Build.0 = Release|Any CPU
		{EA9AF722-DD21-4D33-ACBA-D970BB818398}.Debug|Any CPU.ActiveCfg = Debug|Any CPU
		{EA9AF722-DD21-4D33-ACBA-D970BB818398}.Debug|Any CPU.Build.0 = Debug|Any CPU
		{EA9AF722-DD21-4D33-ACBA-D970BB818398}.Debug|x86.ActiveCfg = Debug|Any CPU
		{EA9AF722-DD21-4D33-ACBA-D970BB818398}.Debug|x86.Build.0 = Debug|Any CPU
		{EA9AF722-DD21-4D33-ACBA-D970BB818398}.Release|Any CPU.ActiveCfg = Release|Any CPU
		{EA9AF722-DD21-4D33-ACBA-D970BB818398}.Release|Any CPU.Build.0 = Release|Any CPU
		{EA9AF722-DD21-4D33-ACBA-D970BB818398}.Release|x86.ActiveCfg = Release|Any CPU
		{EA9AF722-DD21-4D33-ACBA-D970BB818398}.Release|x86.Build.0 = Release|Any CPU
		{D5BB91D8-E3EF-4F10-BBDB-752C5EBD689E}.Debug|Any CPU.ActiveCfg = Debug|Any CPU
		{D5BB91D8-E3EF-4F10-BBDB-752C5EBD689E}.Debug|Any CPU.Build.0 = Debug|Any CPU
		{D5BB91D8-E3EF-4F10-BBDB-752C5EBD689E}.Debug|x86.ActiveCfg = Debug|Any CPU
		{D5BB91D8-E3EF-4F10-BBDB-752C5EBD689E}.Debug|x86.Build.0 = Debug|Any CPU
		{D5BB91D8-E3EF-4F10-BBDB-752C5EBD689E}.Release|Any CPU.ActiveCfg = Release|Any CPU
		{D5BB91D8-E3EF-4F10-BBDB-752C5EBD689E}.Release|Any CPU.Build.0 = Release|Any CPU
		{D5BB91D8-E3EF-4F10-BBDB-752C5EBD689E}.Release|x86.ActiveCfg = Release|Any CPU
		{D5BB91D8-E3EF-4F10-BBDB-752C5EBD689E}.Release|x86.Build.0 = Release|Any CPU
		{9AC35F60-3425-4284-BD2F-EFE7FBBA10EC}.Debug|Any CPU.ActiveCfg = Debug|Any CPU
		{9AC35F60-3425-4284-BD2F-EFE7FBBA10EC}.Debug|Any CPU.Build.0 = Debug|Any CPU
		{9AC35F60-3425-4284-BD2F-EFE7FBBA10EC}.Debug|x86.ActiveCfg = Debug|Any CPU
		{9AC35F60-3425-4284-BD2F-EFE7FBBA10EC}.Release|Any CPU.ActiveCfg = Release|Any CPU
		{9AC35F60-3425-4284-BD2F-EFE7FBBA10EC}.Release|x86.ActiveCfg = Release|Any CPU
		{176C53E7-85B4-40A8-AE46-95894D08535C}.Debug|Any CPU.ActiveCfg = Debug|Any CPU
		{176C53E7-85B4-40A8-AE46-95894D08535C}.Debug|Any CPU.Build.0 = Debug|Any CPU
		{176C53E7-85B4-40A8-AE46-95894D08535C}.Debug|x86.ActiveCfg = Debug|Any CPU
		{176C53E7-85B4-40A8-AE46-95894D08535C}.Release|Any CPU.ActiveCfg = Release|Any CPU
		{176C53E7-85B4-40A8-AE46-95894D08535C}.Release|Any CPU.Build.0 = Release|Any CPU
		{176C53E7-85B4-40A8-AE46-95894D08535C}.Release|x86.ActiveCfg = Release|Any CPU
		{04CF1D47-825F-44F3-80C4-7F0885EB7139}.Debug|Any CPU.ActiveCfg = Debug|Any CPU
		{04CF1D47-825F-44F3-80C4-7F0885EB7139}.Debug|Any CPU.Build.0 = Debug|Any CPU
		{04CF1D47-825F-44F3-80C4-7F0885EB7139}.Debug|x86.ActiveCfg = Debug|Any CPU
		{04CF1D47-825F-44F3-80C4-7F0885EB7139}.Release|Any CPU.ActiveCfg = Release|Any CPU
		{04CF1D47-825F-44F3-80C4-7F0885EB7139}.Release|Any CPU.Build.0 = Release|Any CPU
		{04CF1D47-825F-44F3-80C4-7F0885EB7139}.Release|x86.ActiveCfg = Release|Any CPU
		{0DC0F7BB-C08F-45E1-A86C-62746372DC4B}.Debug|Any CPU.ActiveCfg = Debug|Any CPU
		{0DC0F7BB-C08F-45E1-A86C-62746372DC4B}.Debug|Any CPU.Build.0 = Debug|Any CPU
		{0DC0F7BB-C08F-45E1-A86C-62746372DC4B}.Debug|x86.ActiveCfg = Debug|Any CPU
		{0DC0F7BB-C08F-45E1-A86C-62746372DC4B}.Release|Any CPU.ActiveCfg = Release|Any CPU
		{0DC0F7BB-C08F-45E1-A86C-62746372DC4B}.Release|Any CPU.Build.0 = Release|Any CPU
		{0DC0F7BB-C08F-45E1-A86C-62746372DC4B}.Release|x86.ActiveCfg = Release|Any CPU
		{1DD4B3C5-19C2-469B-87A3-87E60F20775C}.Debug|Any CPU.ActiveCfg = Debug|Any CPU
		{1DD4B3C5-19C2-469B-87A3-87E60F20775C}.Debug|Any CPU.Build.0 = Debug|Any CPU
		{1DD4B3C5-19C2-469B-87A3-87E60F20775C}.Debug|x86.ActiveCfg = Debug|Any CPU
		{1DD4B3C5-19C2-469B-87A3-87E60F20775C}.Debug|x86.Build.0 = Debug|Any CPU
		{1DD4B3C5-19C2-469B-87A3-87E60F20775C}.Release|Any CPU.ActiveCfg = Release|Any CPU
		{1DD4B3C5-19C2-469B-87A3-87E60F20775C}.Release|Any CPU.Build.0 = Release|Any CPU
		{1DD4B3C5-19C2-469B-87A3-87E60F20775C}.Release|x86.ActiveCfg = Release|Any CPU
		{1DD4B3C5-19C2-469B-87A3-87E60F20775C}.Release|x86.Build.0 = Release|Any CPU
		{17662DB6-7BB1-4ECE-BF37-D6D439762CFD}.Debug|Any CPU.ActiveCfg = Debug|Any CPU
		{17662DB6-7BB1-4ECE-BF37-D6D439762CFD}.Debug|Any CPU.Build.0 = Debug|Any CPU
		{17662DB6-7BB1-4ECE-BF37-D6D439762CFD}.Debug|x86.ActiveCfg = Debug|Any CPU
		{17662DB6-7BB1-4ECE-BF37-D6D439762CFD}.Debug|x86.Build.0 = Debug|Any CPU
		{17662DB6-7BB1-4ECE-BF37-D6D439762CFD}.Release|Any CPU.ActiveCfg = Release|Any CPU
		{17662DB6-7BB1-4ECE-BF37-D6D439762CFD}.Release|Any CPU.Build.0 = Release|Any CPU
		{17662DB6-7BB1-4ECE-BF37-D6D439762CFD}.Release|x86.ActiveCfg = Release|Any CPU
		{17662DB6-7BB1-4ECE-BF37-D6D439762CFD}.Release|x86.Build.0 = Release|Any CPU
		{CEF40B51-1128-4ED5-9BB8-70E48CA7573B}.Debug|Any CPU.ActiveCfg = Debug|Any CPU
		{CEF40B51-1128-4ED5-9BB8-70E48CA7573B}.Debug|Any CPU.Build.0 = Debug|Any CPU
		{CEF40B51-1128-4ED5-9BB8-70E48CA7573B}.Debug|x86.ActiveCfg = Debug|Any CPU
		{CEF40B51-1128-4ED5-9BB8-70E48CA7573B}.Debug|x86.Build.0 = Debug|Any CPU
		{CEF40B51-1128-4ED5-9BB8-70E48CA7573B}.Release|Any CPU.ActiveCfg = Release|Any CPU
		{CEF40B51-1128-4ED5-9BB8-70E48CA7573B}.Release|x86.ActiveCfg = Release|Any CPU
		{CEF40B51-1128-4ED5-9BB8-70E48CA7573B}.Release|x86.Build.0 = Release|Any CPU
		{120C83AB-BA54-4C36-9641-1D30DEFE9116}.Debug|Any CPU.ActiveCfg = Debug|Any CPU
		{120C83AB-BA54-4C36-9641-1D30DEFE9116}.Debug|Any CPU.Build.0 = Debug|Any CPU
		{120C83AB-BA54-4C36-9641-1D30DEFE9116}.Debug|x86.ActiveCfg = Debug|Any CPU
		{120C83AB-BA54-4C36-9641-1D30DEFE9116}.Debug|x86.Build.0 = Debug|Any CPU
		{120C83AB-BA54-4C36-9641-1D30DEFE9116}.Release|Any CPU.ActiveCfg = Release|Any CPU
		{120C83AB-BA54-4C36-9641-1D30DEFE9116}.Release|x86.ActiveCfg = Release|Any CPU
		{120C83AB-BA54-4C36-9641-1D30DEFE9116}.Release|x86.Build.0 = Release|Any CPU
		{2DB4978C-9685-4E64-B7AE-9E7B860C7F5C}.Debug|Any CPU.ActiveCfg = Debug|Any CPU
		{2DB4978C-9685-4E64-B7AE-9E7B860C7F5C}.Debug|Any CPU.Build.0 = Debug|Any CPU
		{2DB4978C-9685-4E64-B7AE-9E7B860C7F5C}.Debug|x86.ActiveCfg = Debug|Any CPU
		{2DB4978C-9685-4E64-B7AE-9E7B860C7F5C}.Debug|x86.Build.0 = Debug|Any CPU
		{2DB4978C-9685-4E64-B7AE-9E7B860C7F5C}.Release|Any CPU.ActiveCfg = Release|Any CPU
		{2DB4978C-9685-4E64-B7AE-9E7B860C7F5C}.Release|Any CPU.Build.0 = Release|Any CPU
		{2DB4978C-9685-4E64-B7AE-9E7B860C7F5C}.Release|x86.ActiveCfg = Release|Any CPU
		{2DB4978C-9685-4E64-B7AE-9E7B860C7F5C}.Release|x86.Build.0 = Release|Any CPU
		{88A4D1E6-147D-4F1F-8C36-2143F16A8340}.Debug|Any CPU.ActiveCfg = Debug|Any CPU
		{88A4D1E6-147D-4F1F-8C36-2143F16A8340}.Debug|Any CPU.Build.0 = Debug|Any CPU
		{88A4D1E6-147D-4F1F-8C36-2143F16A8340}.Debug|x86.ActiveCfg = Debug|Any CPU
		{88A4D1E6-147D-4F1F-8C36-2143F16A8340}.Debug|x86.Build.0 = Debug|Any CPU
		{88A4D1E6-147D-4F1F-8C36-2143F16A8340}.Release|Any CPU.ActiveCfg = Release|Any CPU
		{88A4D1E6-147D-4F1F-8C36-2143F16A8340}.Release|Any CPU.Build.0 = Release|Any CPU
		{88A4D1E6-147D-4F1F-8C36-2143F16A8340}.Release|x86.ActiveCfg = Release|Any CPU
		{88A4D1E6-147D-4F1F-8C36-2143F16A8340}.Release|x86.Build.0 = Release|Any CPU
	EndGlobalSection
	GlobalSection(SolutionProperties) = preSolution
		HideSolutionNode = FALSE
	EndGlobalSection
	GlobalSection(NestedProjects) = preSolution
		{25F279C3-2032-4AE1-ACEB-EABE5EFC739B} = {1441B3F4-72F8-4BB5-B9DF-29767F6719F1}
		{0A513AA9-84D8-46E1-BAB7-08C73ACE5FCA} = {1441B3F4-72F8-4BB5-B9DF-29767F6719F1}
		{A27E8B50-4862-4E8A-8248-ED34C2503D2B} = {1441B3F4-72F8-4BB5-B9DF-29767F6719F1}
		{D1F77A3C-6B04-41B7-9507-FC1A7263CD3D} = {1441B3F4-72F8-4BB5-B9DF-29767F6719F1}
		{4FA35926-FB21-4F1B-BB55-465D472EE027} = {1441B3F4-72F8-4BB5-B9DF-29767F6719F1}
		{607161F1-86BE-471A-9837-3D19BFAAA5FA} = {1441B3F4-72F8-4BB5-B9DF-29767F6719F1}
		{44ABC8FE-4277-47FA-BB76-61A105392182} = {1441B3F4-72F8-4BB5-B9DF-29767F6719F1}
		{CEF40B51-1128-4ED5-9BB8-70E48CA7573B} = {1441B3F4-72F8-4BB5-B9DF-29767F6719F1}
		{120C83AB-BA54-4C36-9641-1D30DEFE9116} = {1441B3F4-72F8-4BB5-B9DF-29767F6719F1}
		{2DB4978C-9685-4E64-B7AE-9E7B860C7F5C} = {1441B3F4-72F8-4BB5-B9DF-29767F6719F1}
		{88A4D1E6-147D-4F1F-8C36-2143F16A8340} = {1441B3F4-72F8-4BB5-B9DF-29767F6719F1}
	EndGlobalSection
	GlobalSection(ExtensibilityGlobals) = postSolution
		RESX_NeutralResourcesLanguage = en-GB
		SolutionGuid = {9BBC0EFA-53F6-4254-B7D9-EF1BAC0AD19E}
	EndGlobalSection
EndGlobal
