
Microsoft Visual Studio Solution File, Format Version 12.00
# Visual Studio Version 16
VisualStudioVersion = 16.0.29318.209
MinimumVisualStudioVersion = 10.0.40219.1
Project("{6EC3EE1D-3C4E-46DD-8F32-0CC8E7565705}") = "altcover.recorder.core", "AltCover.Recorder\altcover.recorder.core.fsproj", "{85B49E3C-F5B0-40F5-8DB5-1464BEC10E3A}"
EndProject
Project("{6EC3EE1D-3C4E-46DD-8F32-0CC8E7565705}") = "altcover.recorder.tests.core", "Recorder.Tests\altcover.recorder.tests.core.fsproj", "{7F197884-A015-4D01-9543-AF0837A4BE33}"
EndProject
Project("{6EC3EE1D-3C4E-46DD-8F32-0CC8E7565705}") = "altcover.shadow.core", "AltCover.Shadow\altcover.shadow.core.fsproj", "{6B75CB41-5A32-4689-9659-6ACC264EA0EF}"
EndProject
Project("{6EC3EE1D-3C4E-46DD-8F32-0CC8E7565705}") = "altcover.visualizer.core", "AltCover.Visualizer\altcover.visualizer.core.fsproj", "{218DBE5A-CC62-4649-97BC-BC47EC5B4D32}"
EndProject
Project("{6EC3EE1D-3C4E-46DD-8F32-0CC8E7565705}") = "altcover.visualizer.tests.core", "Tests.Visualizer\altcover.visualizer.tests.core.fsproj", "{93D327EE-100B-4837-A0CA-499ADEEADCD2}"
EndProject
Global
	GlobalSection(SolutionConfigurationPlatforms) = preSolution
		Debug|Any CPU = Debug|Any CPU
		Release|Any CPU = Release|Any CPU
	EndGlobalSection
	GlobalSection(ProjectConfigurationPlatforms) = postSolution
		{85B49E3C-F5B0-40F5-8DB5-1464BEC10E3A}.Debug|Any CPU.ActiveCfg = Debug|Any CPU
		{85B49E3C-F5B0-40F5-8DB5-1464BEC10E3A}.Debug|Any CPU.Build.0 = Debug|Any CPU
		{85B49E3C-F5B0-40F5-8DB5-1464BEC10E3A}.Release|Any CPU.ActiveCfg = Release|Any CPU
		{85B49E3C-F5B0-40F5-8DB5-1464BEC10E3A}.Release|Any CPU.Build.0 = Release|Any CPU
		{7F197884-A015-4D01-9543-AF0837A4BE33}.Debug|Any CPU.ActiveCfg = Debug|Any CPU
		{7F197884-A015-4D01-9543-AF0837A4BE33}.Debug|Any CPU.Build.0 = Debug|Any CPU
		{7F197884-A015-4D01-9543-AF0837A4BE33}.Release|Any CPU.ActiveCfg = Release|Any CPU
		{6B75CB41-5A32-4689-9659-6ACC264EA0EF}.Debug|Any CPU.ActiveCfg = Debug|Any CPU
		{6B75CB41-5A32-4689-9659-6ACC264EA0EF}.Debug|Any CPU.Build.0 = Debug|Any CPU
		{6B75CB41-5A32-4689-9659-6ACC264EA0EF}.Release|Any CPU.ActiveCfg = Release|Any CPU
		{6B75CB41-5A32-4689-9659-6ACC264EA0EF}.Release|Any CPU.Build.0 = Release|Any CPU
		{218DBE5A-CC62-4649-97BC-BC47EC5B4D32}.Debug|Any CPU.ActiveCfg = Debug|Any CPU
		{218DBE5A-CC62-4649-97BC-BC47EC5B4D32}.Debug|Any CPU.Build.0 = Debug|Any CPU
		{218DBE5A-CC62-4649-97BC-BC47EC5B4D32}.Release|Any CPU.ActiveCfg = Release|Any CPU
		{218DBE5A-CC62-4649-97BC-BC47EC5B4D32}.Release|Any CPU.Build.0 = Release|Any CPU
		{93D327EE-100B-4837-A0CA-499ADEEADCD2}.Debug|Any CPU.ActiveCfg = Debug|Any CPU
		{93D327EE-100B-4837-A0CA-499ADEEADCD2}.Debug|Any CPU.Build.0 = Debug|Any CPU
		{93D327EE-100B-4837-A0CA-499ADEEADCD2}.Release|Any CPU.ActiveCfg = Release|Any CPU
		{93D327EE-100B-4837-A0CA-499ADEEADCD2}.Release|Any CPU.Build.0 = Release|Any CPU
	EndGlobalSection
	GlobalSection(SolutionProperties) = preSolution
		HideSolutionNode = FALSE
	EndGlobalSection
	GlobalSection(ExtensibilityGlobals) = postSolution
		SolutionGuid = {FF99FAEB-C9E7-4E43-AEDF-6DD866C6722C}
	EndGlobalSection
EndGlobal
