Microsoft Visual Studio Solution File, Format Version 12.00
# Visual Studio 15
VisualStudioVersion = 15.0.27130.2003
MinimumVisualStudioVersion = 15.0.26124.0
Project("{6EC3EE1D-3C4E-46DD-8F32-0CC8E7565705}") = "altcover.core", "AltCover\altcover.core.fsproj", "{26C01B27-9A3E-4460-BB43-5383C8E818FB}"
EndProject
Project("{6EC3EE1D-3C4E-46DD-8F32-0CC8E7565705}") = "altcover.core.lib", "altcover.core.lib\altcover.core.lib.fsproj", "{75BEE734-20F3-4E04-81B9-160D7500021C}"
EndProject
Project("{6EC3EE1D-3C4E-46DD-8F32-0CC8E7565705}") = "altcover.recorder.core", "AltCover.Recorder\altcover.recorder.core.fsproj", "{7054B26A-95AA-4194-AAC9-E5E430695FBA}"
EndProject
Project("{6EC3EE1D-3C4E-46DD-8F32-0CC8E7565705}") = "altcover.tests.core", "Tests\altcover.tests.core.fsproj", "{440A79BE-7038-44EA-B683-3ED8EFAEC39C}"
EndProject
Project("{6EC3EE1D-3C4E-46DD-8F32-0CC8E7565705}") = "altcover.recorder.tests.core", "Shadow.Tests\altcover.recorder.tests.core.fsproj", "{CE0C9532-2D52-4225-8E23-98E70A3F2326}"
EndProject
Project("{6EC3EE1D-3C4E-46DD-8F32-0CC8E7565705}") = "sample2.core", "Sample2\sample2.core.fsproj", "{FB3B5250-DF9C-478B-BAD4-1D28D89D437A}"
EndProject
Project("{9A19103F-16F7-4668-BE54-9A1E7A4F7556}") = "sample3.core", "Sample3\sample3.core.csproj", "{D4FE2C23-980A-46B0-8ECC-DD27FDF11C28}"
EndProject
Global
	GlobalSection(SolutionConfigurationPlatforms) = preSolution
		Debug|Any CPU = Debug|Any CPU
		Debug|x64 = Debug|x64
		Debug|x86 = Debug|x86
		Release|Any CPU = Release|Any CPU
		Release|x64 = Release|x64
		Release|x86 = Release|x86
	EndGlobalSection
	GlobalSection(ProjectConfigurationPlatforms) = postSolution
		{26C01B27-9A3E-4460-BB43-5383C8E818FB}.Debug|Any CPU.ActiveCfg = Debug|Any CPU
		{26C01B27-9A3E-4460-BB43-5383C8E818FB}.Debug|Any CPU.Build.0 = Debug|Any CPU
		{26C01B27-9A3E-4460-BB43-5383C8E818FB}.Debug|x64.ActiveCfg = Debug|Any CPU
		{26C01B27-9A3E-4460-BB43-5383C8E818FB}.Debug|x64.Build.0 = Debug|Any CPU
		{26C01B27-9A3E-4460-BB43-5383C8E818FB}.Debug|x86.ActiveCfg = Debug|Any CPU
		{26C01B27-9A3E-4460-BB43-5383C8E818FB}.Debug|x86.Build.0 = Debug|Any CPU
		{26C01B27-9A3E-4460-BB43-5383C8E818FB}.Release|Any CPU.ActiveCfg = Release|Any CPU
		{26C01B27-9A3E-4460-BB43-5383C8E818FB}.Release|Any CPU.Build.0 = Release|Any CPU
		{26C01B27-9A3E-4460-BB43-5383C8E818FB}.Release|x64.ActiveCfg = Release|Any CPU
		{26C01B27-9A3E-4460-BB43-5383C8E818FB}.Release|x64.Build.0 = Release|Any CPU
		{26C01B27-9A3E-4460-BB43-5383C8E818FB}.Release|x86.ActiveCfg = Release|Any CPU
		{26C01B27-9A3E-4460-BB43-5383C8E818FB}.Release|x86.Build.0 = Release|Any CPU
		{75BEE734-20F3-4E04-81B9-160D7500021C}.Debug|Any CPU.ActiveCfg = Debug|Any CPU
		{75BEE734-20F3-4E04-81B9-160D7500021C}.Debug|Any CPU.Build.0 = Debug|Any CPU
		{75BEE734-20F3-4E04-81B9-160D7500021C}.Debug|x64.ActiveCfg = Debug|Any CPU
		{75BEE734-20F3-4E04-81B9-160D7500021C}.Debug|x64.Build.0 = Debug|Any CPU
		{75BEE734-20F3-4E04-81B9-160D7500021C}.Debug|x86.ActiveCfg = Debug|Any CPU
		{75BEE734-20F3-4E04-81B9-160D7500021C}.Debug|x86.Build.0 = Debug|Any CPU
		{75BEE734-20F3-4E04-81B9-160D7500021C}.Release|Any CPU.ActiveCfg = Release|Any CPU
		{75BEE734-20F3-4E04-81B9-160D7500021C}.Release|Any CPU.Build.0 = Release|Any CPU
		{75BEE734-20F3-4E04-81B9-160D7500021C}.Release|x64.ActiveCfg = Release|Any CPU
		{75BEE734-20F3-4E04-81B9-160D7500021C}.Release|x64.Build.0 = Release|Any CPU
		{75BEE734-20F3-4E04-81B9-160D7500021C}.Release|x86.ActiveCfg = Release|Any CPU
		{75BEE734-20F3-4E04-81B9-160D7500021C}.Release|x86.Build.0 = Release|Any CPU
		{7054B26A-95AA-4194-AAC9-E5E430695FBA}.Debug|Any CPU.ActiveCfg = Debug|Any CPU
		{7054B26A-95AA-4194-AAC9-E5E430695FBA}.Debug|Any CPU.Build.0 = Debug|Any CPU
		{7054B26A-95AA-4194-AAC9-E5E430695FBA}.Debug|x64.ActiveCfg = Debug|Any CPU
		{7054B26A-95AA-4194-AAC9-E5E430695FBA}.Debug|x64.Build.0 = Debug|Any CPU
		{7054B26A-95AA-4194-AAC9-E5E430695FBA}.Debug|x86.ActiveCfg = Debug|Any CPU
		{7054B26A-95AA-4194-AAC9-E5E430695FBA}.Debug|x86.Build.0 = Debug|Any CPU
		{7054B26A-95AA-4194-AAC9-E5E430695FBA}.Release|Any CPU.ActiveCfg = Release|Any CPU
		{7054B26A-95AA-4194-AAC9-E5E430695FBA}.Release|Any CPU.Build.0 = Release|Any CPU
		{7054B26A-95AA-4194-AAC9-E5E430695FBA}.Release|x64.ActiveCfg = Release|Any CPU
		{7054B26A-95AA-4194-AAC9-E5E430695FBA}.Release|x64.Build.0 = Release|Any CPU
		{7054B26A-95AA-4194-AAC9-E5E430695FBA}.Release|x86.ActiveCfg = Release|Any CPU
		{7054B26A-95AA-4194-AAC9-E5E430695FBA}.Release|x86.Build.0 = Release|Any CPU
		{440A79BE-7038-44EA-B683-3ED8EFAEC39C}.Debug|Any CPU.ActiveCfg = Debug|Any CPU
		{440A79BE-7038-44EA-B683-3ED8EFAEC39C}.Debug|Any CPU.Build.0 = Debug|Any CPU
		{440A79BE-7038-44EA-B683-3ED8EFAEC39C}.Debug|x64.ActiveCfg = Debug|Any CPU
		{440A79BE-7038-44EA-B683-3ED8EFAEC39C}.Debug|x64.Build.0 = Debug|Any CPU
		{440A79BE-7038-44EA-B683-3ED8EFAEC39C}.Debug|x86.ActiveCfg = Debug|Any CPU
		{440A79BE-7038-44EA-B683-3ED8EFAEC39C}.Debug|x86.Build.0 = Debug|Any CPU
		{440A79BE-7038-44EA-B683-3ED8EFAEC39C}.Release|Any CPU.ActiveCfg = Release|Any CPU
		{440A79BE-7038-44EA-B683-3ED8EFAEC39C}.Release|Any CPU.Build.0 = Release|Any CPU
		{440A79BE-7038-44EA-B683-3ED8EFAEC39C}.Release|x64.ActiveCfg = Release|Any CPU
		{440A79BE-7038-44EA-B683-3ED8EFAEC39C}.Release|x64.Build.0 = Release|Any CPU
		{440A79BE-7038-44EA-B683-3ED8EFAEC39C}.Release|x86.ActiveCfg = Release|Any CPU
		{440A79BE-7038-44EA-B683-3ED8EFAEC39C}.Release|x86.Build.0 = Release|Any CPU
		{CE0C9532-2D52-4225-8E23-98E70A3F2326}.Debug|Any CPU.ActiveCfg = Debug|Any CPU
		{CE0C9532-2D52-4225-8E23-98E70A3F2326}.Debug|Any CPU.Build.0 = Debug|Any CPU
		{CE0C9532-2D52-4225-8E23-98E70A3F2326}.Debug|x64.ActiveCfg = Debug|Any CPU
		{CE0C9532-2D52-4225-8E23-98E70A3F2326}.Debug|x64.Build.0 = Debug|Any CPU
		{CE0C9532-2D52-4225-8E23-98E70A3F2326}.Debug|x86.ActiveCfg = Debug|Any CPU
		{CE0C9532-2D52-4225-8E23-98E70A3F2326}.Debug|x86.Build.0 = Debug|Any CPU
		{CE0C9532-2D52-4225-8E23-98E70A3F2326}.Release|Any CPU.ActiveCfg = Release|Any CPU
		{CE0C9532-2D52-4225-8E23-98E70A3F2326}.Release|Any CPU.Build.0 = Release|Any CPU
		{CE0C9532-2D52-4225-8E23-98E70A3F2326}.Release|x64.ActiveCfg = Release|Any CPU
		{CE0C9532-2D52-4225-8E23-98E70A3F2326}.Release|x64.Build.0 = Release|Any CPU
		{CE0C9532-2D52-4225-8E23-98E70A3F2326}.Release|x86.ActiveCfg = Release|Any CPU
		{CE0C9532-2D52-4225-8E23-98E70A3F2326}.Release|x86.Build.0 = Release|Any CPU
		{FB3B5250-DF9C-478B-BAD4-1D28D89D437A}.Debug|Any CPU.ActiveCfg = Debug|Any CPU
		{FB3B5250-DF9C-478B-BAD4-1D28D89D437A}.Debug|Any CPU.Build.0 = Debug|Any CPU
		{FB3B5250-DF9C-478B-BAD4-1D28D89D437A}.Debug|x64.ActiveCfg = Debug|Any CPU
		{FB3B5250-DF9C-478B-BAD4-1D28D89D437A}.Debug|x64.Build.0 = Debug|Any CPU
		{FB3B5250-DF9C-478B-BAD4-1D28D89D437A}.Debug|x86.ActiveCfg = Debug|Any CPU
		{FB3B5250-DF9C-478B-BAD4-1D28D89D437A}.Debug|x86.Build.0 = Debug|Any CPU
		{FB3B5250-DF9C-478B-BAD4-1D28D89D437A}.Release|Any CPU.ActiveCfg = Release|Any CPU
		{FB3B5250-DF9C-478B-BAD4-1D28D89D437A}.Release|Any CPU.Build.0 = Release|Any CPU
		{FB3B5250-DF9C-478B-BAD4-1D28D89D437A}.Release|x64.ActiveCfg = Release|Any CPU
		{FB3B5250-DF9C-478B-BAD4-1D28D89D437A}.Release|x64.Build.0 = Release|Any CPU
		{FB3B5250-DF9C-478B-BAD4-1D28D89D437A}.Release|x86.ActiveCfg = Release|Any CPU
		{FB3B5250-DF9C-478B-BAD4-1D28D89D437A}.Release|x86.Build.0 = Release|Any CPU
		{D4FE2C23-980A-46B0-8ECC-DD27FDF11C28}.Debug|Any CPU.ActiveCfg = Debug|Any CPU
		{D4FE2C23-980A-46B0-8ECC-DD27FDF11C28}.Debug|Any CPU.Build.0 = Debug|Any CPU
		{D4FE2C23-980A-46B0-8ECC-DD27FDF11C28}.Debug|x64.ActiveCfg = Debug|Any CPU
		{D4FE2C23-980A-46B0-8ECC-DD27FDF11C28}.Debug|x64.Build.0 = Debug|Any CPU
		{D4FE2C23-980A-46B0-8ECC-DD27FDF11C28}.Debug|x86.ActiveCfg = Debug|Any CPU
		{D4FE2C23-980A-46B0-8ECC-DD27FDF11C28}.Debug|x86.Build.0 = Debug|Any CPU
		{D4FE2C23-980A-46B0-8ECC-DD27FDF11C28}.Release|Any CPU.ActiveCfg = Release|Any CPU
		{D4FE2C23-980A-46B0-8ECC-DD27FDF11C28}.Release|Any CPU.Build.0 = Release|Any CPU
		{D4FE2C23-980A-46B0-8ECC-DD27FDF11C28}.Release|x64.ActiveCfg = Release|Any CPU
		{D4FE2C23-980A-46B0-8ECC-DD27FDF11C28}.Release|x64.Build.0 = Release|Any CPU
		{D4FE2C23-980A-46B0-8ECC-DD27FDF11C28}.Release|x86.ActiveCfg = Release|Any CPU
		{D4FE2C23-980A-46B0-8ECC-DD27FDF11C28}.Release|x86.Build.0 = Release|Any CPU
	EndGlobalSection
	GlobalSection(SolutionProperties) = preSolution
		HideSolutionNode = FALSE
	EndGlobalSection
	GlobalSection(ExtensibilityGlobals) = postSolution
		SolutionGuid = {C31111CF-68A2-403F-9B06-9625FCBD48E3}
	EndGlobalSection
EndGlobal
