
Microsoft Visual Studio Solution File, Format Version 12.00
# Visual Studio Version 17
VisualStudioVersion = 17.4.33103.184
MinimumVisualStudioVersion = 10.0.40219.1
Project("{6EC3EE1D-3C4E-46DD-8F32-0CC8E7565705}") = "Setup", "Build\Setup.fsproj", "{F63CC3E3-0813-4EC0-A766-BA51B9E44DF2}"
EndProject
Project("{6EC3EE1D-3C4E-46DD-8F32-0CC8E7565705}") = "Build", "Build\Build.fsproj", "{7184693F-766E-44C6-8250-31E1F27E0014}"
EndProject
Project("{2150E333-8FDC-42A3-9474-1A3956D46DE8}") = "Solution Items", "Solution Items", "{BE747F78-C635-4A21-A336-5D6DA9EDF082}"
	ProjectSection(SolutionItems) = preProject
		Build\build.cake = Build\build.cake
		Directory.Build.props = Directory.Build.props
		Directory.Packages.props = Directory.Packages.props
		Build\DriveApi.fsx = Build\DriveApi.fsx
		.github\workflows\main.yml = .github\workflows\main.yml
		Build\Pester.Tests.ps1 = Build\Pester.Tests.ps1
		ReleaseNotes.md = ReleaseNotes.md
	EndProjectSection
EndProject
Project("{6EC3EE1D-3C4E-46DD-8F32-0CC8E7565705}") = "DriveApi", "Build\DriveApi.fsproj", "{D6D1E6E2-26E8-4043-A65E-45A176E07A27}"
EndProject
Project("{F2A71F9B-5D33-465A-A702-920D77279786}") = "lint", "Build\lint.fsproj", "{E9216F6A-7D2C-47F4-BC7C-D43DE7D837CF}"
EndProject
Global
	GlobalSection(SolutionConfigurationPlatforms) = preSolution
		Debug|Any CPU = Debug|Any CPU
		Release|Any CPU = Release|Any CPU
	EndGlobalSection
	GlobalSection(ProjectConfigurationPlatforms) = postSolution
		{F63CC3E3-0813-4EC0-A766-BA51B9E44DF2}.Debug|Any CPU.ActiveCfg = Debug|Any CPU
		{F63CC3E3-0813-4EC0-A766-BA51B9E44DF2}.Debug|Any CPU.Build.0 = Debug|Any CPU
		{F63CC3E3-0813-4EC0-A766-BA51B9E44DF2}.Release|Any CPU.ActiveCfg = Release|Any CPU
		{F63CC3E3-0813-4EC0-A766-BA51B9E44DF2}.Release|Any CPU.Build.0 = Release|Any CPU
		{7184693F-766E-44C6-8250-31E1F27E0014}.Debug|Any CPU.ActiveCfg = Debug|Any CPU
		{7184693F-766E-44C6-8250-31E1F27E0014}.Debug|Any CPU.Build.0 = Debug|Any CPU
		{7184693F-766E-44C6-8250-31E1F27E0014}.Release|Any CPU.ActiveCfg = Release|Any CPU
		{7184693F-766E-44C6-8250-31E1F27E0014}.Release|Any CPU.Build.0 = Release|Any CPU
		{D6D1E6E2-26E8-4043-A65E-45A176E07A27}.Debug|Any CPU.ActiveCfg = Debug|Any CPU
		{D6D1E6E2-26E8-4043-A65E-45A176E07A27}.Debug|Any CPU.Build.0 = Debug|Any CPU
		{D6D1E6E2-26E8-4043-A65E-45A176E07A27}.Release|Any CPU.ActiveCfg = Release|Any CPU
		{D6D1E6E2-26E8-4043-A65E-45A176E07A27}.Release|Any CPU.Build.0 = Release|Any CPU
		{E9216F6A-7D2C-47F4-BC7C-D43DE7D837CF}.Debug|Any CPU.ActiveCfg = Debug|Any CPU
		{E9216F6A-7D2C-47F4-BC7C-D43DE7D837CF}.Debug|Any CPU.Build.0 = Debug|Any CPU
		{E9216F6A-7D2C-47F4-BC7C-D43DE7D837CF}.Release|Any CPU.ActiveCfg = Release|Any CPU
		{E9216F6A-7D2C-47F4-BC7C-D43DE7D837CF}.Release|Any CPU.Build.0 = Release|Any CPU
	EndGlobalSection
	GlobalSection(SolutionProperties) = preSolution
		HideSolutionNode = FALSE
	EndGlobalSection
	GlobalSection(ExtensibilityGlobals) = postSolution
		SolutionGuid = {C4EEFBF1-D516-475E-9742-409ACF748FBD}
	EndGlobalSection
EndGlobal
