
Microsoft Visual Studio Solution File, Format Version 12.00
# Visual Studio 15
VisualStudioVersion = 15.0.27130.2003
MinimumVisualStudioVersion = 10.0.40219.1
Project("{F2A71F9B-5D33-465A-A702-920D77279786}") = "Service", "Service\Service.fsproj", "{A2BB0207-3E8B-4DCC-A89E-C5CB817569CF}"
EndProject
Project("{2150E333-8FDC-42A3-9474-1A3956D46DE8}") = "Demo", "Demo", "{92282A58-3481-414C-BD7E-110D90C9D6D9}"
	ProjectSection(SolutionItems) = preProject
		Grant-NetworkServiceExecuteAccess.ps1 = Grant-NetworkServiceExecuteAccess.ps1
		README.md = README.md
	EndProjectSection
EndProject
Global
	GlobalSection(SolutionConfigurationPlatforms) = preSolution
		Debug|Any CPU = Debug|Any CPU
		Release|Any CPU = Release|Any CPU
	EndGlobalSection
	GlobalSection(ProjectConfigurationPlatforms) = postSolution
		{A2BB0207-3E8B-4DCC-A89E-C5CB817569CF}.Debug|Any CPU.ActiveCfg = Debug|Any CPU
		{A2BB0207-3E8B-4DCC-A89E-C5CB817569CF}.Debug|Any CPU.Build.0 = Debug|Any CPU
		{A2BB0207-3E8B-4DCC-A89E-C5CB817569CF}.Release|Any CPU.ActiveCfg = Release|Any CPU
		{A2BB0207-3E8B-4DCC-A89E-C5CB817569CF}.Release|Any CPU.Build.0 = Release|Any CPU
	EndGlobalSection
	GlobalSection(SolutionProperties) = preSolution
		HideSolutionNode = FALSE
	EndGlobalSection
	GlobalSection(ExtensibilityGlobals) = postSolution
		SolutionGuid = {6E3E4335-08A5-4140-82B3-F6A42C223952}
	EndGlobalSection
EndGlobal
