
Microsoft Visual Studio Solution File, Format Version 12.00
# Visual Studio 15
VisualStudioVersion = 15.0.28307.438
MinimumVisualStudioVersion = 10.0.40219.1
Project("{F2A71F9B-5D33-465A-A702-920D77279786}") = "Sample15", "Sample15\Sample15.fsproj", "{36BEB42E-F38E-4CAE-85F4-254581EBB300}"
EndProject
Global
	GlobalSection(SolutionConfigurationPlatforms) = preSolution
		Debug|Any CPU = Debug|Any CPU
		Release|Any CPU = Release|Any CPU
	EndGlobalSection
	GlobalSection(ProjectConfigurationPlatforms) = postSolution
		{36BEB42E-F38E-4CAE-85F4-254581EBB300}.Debug|Any CPU.ActiveCfg = Debug|Any CPU
		{36BEB42E-F38E-4CAE-85F4-254581EBB300}.Debug|Any CPU.Build.0 = Debug|Any CPU
		{36BEB42E-F38E-4CAE-85F4-254581EBB300}.Release|Any CPU.ActiveCfg = Release|Any CPU
		{36BEB42E-F38E-4CAE-85F4-254581EBB300}.Release|Any CPU.Build.0 = Release|Any CPU
	EndGlobalSection
	GlobalSection(SolutionProperties) = preSolution
		HideSolutionNode = FALSE
	EndGlobalSection
	GlobalSection(ExtensibilityGlobals) = postSolution
		SolutionGuid = {F63B4C37-9203-466F-A66F-8FDCBAD354D2}
	EndGlobalSection
EndGlobal
