
Microsoft Visual Studio Solution File, Format Version 12.00
# Visual Studio Version 16
VisualStudioVersion = 16.0.31205.134
MinimumVisualStudioVersion = 10.0.40219.1
Project("{FAE04EC0-301F-11D3-BF4B-00C04F79EFBC}") = "Tests", "Tests.csproj", "{FBC3A8F8-39B4-4C3E-A7EC-C5D83F83AFBE}"
EndProject
Project("{FAE04EC0-301F-11D3-BF4B-00C04F79EFBC}") = "ClassLibrary1", "..\ClassLibrary1\ClassLibrary1.csproj", "{830E0F7A-6740-46B0-B288-541DE57B060A}"
EndProject
Global
	GlobalSection(SolutionConfigurationPlatforms) = preSolution
		Debug|Any CPU = Debug|Any CPU
		Release|Any CPU = Release|Any CPU
	EndGlobalSection
	GlobalSection(ProjectConfigurationPlatforms) = postSolution
		{FBC3A8F8-39B4-4C3E-A7EC-C5D83F83AFBE}.Debug|Any CPU.ActiveCfg = Debug|Any CPU
		{FBC3A8F8-39B4-4C3E-A7EC-C5D83F83AFBE}.Debug|Any CPU.Build.0 = Debug|Any CPU
		{FBC3A8F8-39B4-4C3E-A7EC-C5D83F83AFBE}.Release|Any CPU.ActiveCfg = Release|Any CPU
		{FBC3A8F8-39B4-4C3E-A7EC-C5D83F83AFBE}.Release|Any CPU.Build.0 = Release|Any CPU
		{830E0F7A-6740-46B0-B288-541DE57B060A}.Debug|Any CPU.ActiveCfg = Debug|Any CPU
		{830E0F7A-6740-46B0-B288-541DE57B060A}.Debug|Any CPU.Build.0 = Debug|Any CPU
		{830E0F7A-6740-46B0-B288-541DE57B060A}.Release|Any CPU.ActiveCfg = Release|Any CPU
		{830E0F7A-6740-46B0-B288-541DE57B060A}.Release|Any CPU.Build.0 = Release|Any CPU
	EndGlobalSection
	GlobalSection(SolutionProperties) = preSolution
		HideSolutionNode = FALSE
	EndGlobalSection
	GlobalSection(ExtensibilityGlobals) = postSolution
		SolutionGuid = {1A08953D-D88E-472F-BAA5-6078CCFD28F3}
	EndGlobalSection
EndGlobal
