
Microsoft Visual Studio Solution File, Format Version 12.00
# Visual Studio Version 17
VisualStudioVersion = 17.4.33103.184
MinimumVisualStudioVersion = 10.0.40219.1
Project("{6EC3EE1D-3C4E-46DD-8F32-0CC8E7565705}") = "Setup", "Setup\Setup.fsproj", "{F63CC3E3-0813-4EC0-A766-BA51B9E44DF2}"
EndProject
Project("{6EC3EE1D-3C4E-46DD-8F32-0CC8E7565705}") = "Build", "Build\Build.fsproj", "{7184693F-766E-44C6-8250-31E1F27E0014}"
EndProject
Project("{2150E333-8FDC-42A3-9474-1A3956D46DE8}") = "Solution Items", "Solution Items", "{BE747F78-C635-4A21-A336-5D6DA9EDF082}"
	ProjectSection(SolutionItems) = preProject
		Directory.Build.props = Directory.Build.props
		Build\DriveApi.fsx = Build\DriveApi.fsx
		..\Build\Pester.Tests.ps1 = ..\Build\Pester.Tests.ps1
	EndProjectSection
EndProject
Project("{6EC3EE1D-3C4E-46DD-8F32-0CC8E7565705}") = "DriveApi", "DriveApi\DriveApi.fsproj", "{40C86F85-5C0A-4B96-9BC9-09DC18990338}"
EndProject
Global
	GlobalSection(SolutionConfigurationPlatforms) = preSolution
		Debug|Any CPU = Debug|Any CPU
		Release|Any CPU = Release|Any CPU
	EndGlobalSection
	GlobalSection(ProjectConfigurationPlatforms) = postSolution
		{F63CC3E3-0813-4EC0-A766-BA51B9E44DF2}.Debug|Any CPU.ActiveCfg = Debug|Any CPU
		{F63CC3E3-0813-4EC0-A766-BA51B9E44DF2}.Debug|Any CPU.Build.0 = Debug|Any CPU
		{F63CC3E3-0813-4EC0-A766-BA51B9E44DF2}.Release|Any CPU.ActiveCfg = Release|Any CPU
		{F63CC3E3-0813-4EC0-A766-BA51B9E44DF2}.Release|Any CPU.Build.0 = Release|Any CPU
		{7184693F-766E-44C6-8250-31E1F27E0014}.Debug|Any CPU.ActiveCfg = Debug|Any CPU
		{7184693F-766E-44C6-8250-31E1F27E0014}.Debug|Any CPU.Build.0 = Debug|Any CPU
		{7184693F-766E-44C6-8250-31E1F27E0014}.Release|Any CPU.ActiveCfg = Release|Any CPU
		{7184693F-766E-44C6-8250-31E1F27E0014}.Release|Any CPU.Build.0 = Release|Any CPU
		{40C86F85-5C0A-4B96-9BC9-09DC18990338}.Debug|Any CPU.ActiveCfg = Debug|Any CPU
		{40C86F85-5C0A-4B96-9BC9-09DC18990338}.Debug|Any CPU.Build.0 = Debug|Any CPU
		{40C86F85-5C0A-4B96-9BC9-09DC18990338}.Release|Any CPU.ActiveCfg = Release|Any CPU
		{40C86F85-5C0A-4B96-9BC9-09DC18990338}.Release|Any CPU.Build.0 = Release|Any CPU
	EndGlobalSection
	GlobalSection(SolutionProperties) = preSolution
		HideSolutionNode = FALSE
	EndGlobalSection
	GlobalSection(ExtensibilityGlobals) = postSolution
		SolutionGuid = {C4EEFBF1-D516-475E-9742-409ACF748FBD}
	EndGlobalSection
EndGlobal
