
Microsoft Visual Studio Solution File, Format Version 12.00
# Visual Studio Version 16
VisualStudioVersion = 16.0.30907.101
MinimumVisualStudioVersion = 10.0.40219.1
Project("{FAE04EC0-301F-11D3-BF4B-00C04F79EFBC}") = "ConsoleApp14", "ConsoleApp14\ConsoleApp14.csproj", "{9E2F6677-12D2-4EF2-A842-22126E804916}"
EndProject
Project("{FAE04EC0-301F-11D3-BF4B-00C04F79EFBC}") = "UnitTestProject1", "UnitTestProject1\UnitTestProject1.csproj", "{148A3658-D9E9-4C1B-9348-99B4881E6A31}"
EndProject
Global
	GlobalSection(SolutionConfigurationPlatforms) = preSolution
		Debug|Any CPU = Debug|Any CPU
		Release|Any CPU = Release|Any CPU
	EndGlobalSection
	GlobalSection(ProjectConfigurationPlatforms) = postSolution
		{9E2F6677-12D2-4EF2-A842-22126E804916}.Debug|Any CPU.ActiveCfg = Debug|Any CPU
		{9E2F6677-12D2-4EF2-A842-22126E804916}.Debug|Any CPU.Build.0 = Debug|Any CPU
		{9E2F6677-12D2-4EF2-A842-22126E804916}.Release|Any CPU.ActiveCfg = Release|Any CPU
		{9E2F6677-12D2-4EF2-A842-22126E804916}.Release|Any CPU.Build.0 = Release|Any CPU
		{148A3658-D9E9-4C1B-9348-99B4881E6A31}.Debug|Any CPU.ActiveCfg = Debug|Any CPU
		{148A3658-D9E9-4C1B-9348-99B4881E6A31}.Debug|Any CPU.Build.0 = Debug|Any CPU
		{148A3658-D9E9-4C1B-9348-99B4881E6A31}.Release|Any CPU.ActiveCfg = Release|Any CPU
		{148A3658-D9E9-4C1B-9348-99B4881E6A31}.Release|Any CPU.Build.0 = Release|Any CPU
	EndGlobalSection
	GlobalSection(SolutionProperties) = preSolution
		HideSolutionNode = FALSE
	EndGlobalSection
	GlobalSection(ExtensibilityGlobals) = postSolution
		SolutionGuid = {2988358A-14A4-478A-A327-F7F582D294F1}
	EndGlobalSection
EndGlobal
